// !$*UTF8*$!
{
	archiveVersion = 1;
	classes = {
	};
	objectVersion = 50;
	objects = {

/* Begin PBXBuildFile section */
		7016F7172A65913200D2B905 /* Queue.swift in Sources */ = {isa = PBXBuildFile; fileRef = 7016F7162A65913200D2B905 /* Queue.swift */; };
		7016F71F2A6C081900D2B905 /* Node.swift in Sources */ = {isa = PBXBuildFile; fileRef = 7016F71E2A6C081900D2B905 /* Node.swift */; };
		706E48582A4FEF6500652AA7 /* SortList.swift in Sources */ = {isa = PBXBuildFile; fileRef = 706E48572A4FEF6500652AA7 /* SortList.swift */; };
		70A50D832A45E0F800B6E2B3 /* LeetcodeApp.swift in Sources */ = {isa = PBXBuildFile; fileRef = 70A50D822A45E0F800B6E2B3 /* LeetcodeApp.swift */; };
		70A50D852A45E0F800B6E2B3 /* ContentView.swift in Sources */ = {isa = PBXBuildFile; fileRef = 70A50D842A45E0F800B6E2B3 /* ContentView.swift */; };
		70A50D872A45E0F900B6E2B3 /* Assets.xcassets in Resources */ = {isa = PBXBuildFile; fileRef = 70A50D862A45E0F900B6E2B3 /* Assets.xcassets */; };
		70A50D8A2A45E0F900B6E2B3 /* Preview Assets.xcassets in Resources */ = {isa = PBXBuildFile; fileRef = 70A50D892A45E0F900B6E2B3 /* Preview Assets.xcassets */; };
		70A50D952A45E0F900B6E2B3 /* LeetcodeTests.swift in Sources */ = {isa = PBXBuildFile; fileRef = 70A50D942A45E0F900B6E2B3 /* LeetcodeTests.swift */; };
		70A50DA02A45E0F900B6E2B3 /* LeetcodeUITests.swift in Sources */ = {isa = PBXBuildFile; fileRef = 70A50D9F2A45E0F900B6E2B3 /* LeetcodeUITests.swift */; };
		70A50DBF2A45E15B00B6E2B3 /* Solution.swift in Sources */ = {isa = PBXBuildFile; fileRef = 70A50DBC2A45E15B00B6E2B3 /* Solution.swift */; };
		70A50DC02A45E15B00B6E2B3 /* Stack.swift in Sources */ = {isa = PBXBuildFile; fileRef = 70A50DBD2A45E15B00B6E2B3 /* Stack.swift */; };
		70A50DC12A45E15B00B6E2B3 /* ListNode.swift in Sources */ = {isa = PBXBuildFile; fileRef = 70A50DBE2A45E15B00B6E2B3 /* ListNode.swift */; };
		70B5928B2A62DBD300EC2376 /* TreeNode.swift in Sources */ = {isa = PBXBuildFile; fileRef = 70B5928A2A62DBD200EC2376 /* TreeNode.swift */; };
		70BF23ED2A4A76F30024C93E /* SudokuGrid.swift in Sources */ = {isa = PBXBuildFile; fileRef = 70BF23EC2A4A76F30024C93E /* SudokuGrid.swift */; };
/* End PBXBuildFile section */

/* Begin PBXContainerItemProxy section */
		70A50D912A45E0F900B6E2B3 /* PBXContainerItemProxy */ = {
			isa = PBXContainerItemProxy;
			containerPortal = 70A50D772A45E0F800B6E2B3 /* Project object */;
			proxyType = 1;
			remoteGlobalIDString = 70A50D7E2A45E0F800B6E2B3;
			remoteInfo = Leetcode;
		};
		70A50D9C2A45E0F900B6E2B3 /* PBXContainerItemProxy */ = {
			isa = PBXContainerItemProxy;
			containerPortal = 70A50D772A45E0F800B6E2B3 /* Project object */;
			proxyType = 1;
			remoteGlobalIDString = 70A50D7E2A45E0F800B6E2B3;
			remoteInfo = Leetcode;
		};
/* End PBXContainerItemProxy section */

/* Begin PBXFileReference section */
		7016F7162A65913200D2B905 /* Queue.swift */ = {isa = PBXFileReference; lastKnownFileType = sourcecode.swift; path = Queue.swift; sourceTree = "<group>"; };
		7016F71E2A6C081900D2B905 /* Node.swift */ = {isa = PBXFileReference; lastKnownFileType = sourcecode.swift; path = Node.swift; sourceTree = "<group>"; };
		706E48572A4FEF6500652AA7 /* SortList.swift */ = {isa = PBXFileReference; lastKnownFileType = sourcecode.swift; path = SortList.swift; sourceTree = "<group>"; };
		70A50D7F2A45E0F800B6E2B3 /* Leetcode.app */ = {isa = PBXFileReference; explicitFileType = wrapper.application; includeInIndex = 0; path = Leetcode.app; sourceTree = BUILT_PRODUCTS_DIR; };
		70A50D822A45E0F800B6E2B3 /* LeetcodeApp.swift */ = {isa = PBXFileReference; lastKnownFileType = sourcecode.swift; path = LeetcodeApp.swift; sourceTree = "<group>"; };
		70A50D842A45E0F800B6E2B3 /* ContentView.swift */ = {isa = PBXFileReference; lastKnownFileType = sourcecode.swift; path = ContentView.swift; sourceTree = "<group>"; };
		70A50D862A45E0F900B6E2B3 /* Assets.xcassets */ = {isa = PBXFileReference; lastKnownFileType = folder.assetcatalog; path = Assets.xcassets; sourceTree = "<group>"; };
		70A50D892A45E0F900B6E2B3 /* Preview Assets.xcassets */ = {isa = PBXFileReference; lastKnownFileType = folder.assetcatalog; path = "Preview Assets.xcassets"; sourceTree = "<group>"; };
		70A50D8B2A45E0F900B6E2B3 /* Info.plist */ = {isa = PBXFileReference; lastKnownFileType = text.plist.xml; path = Info.plist; sourceTree = "<group>"; };
		70A50D902A45E0F900B6E2B3 /* LeetcodeTests.xctest */ = {isa = PBXFileReference; explicitFileType = wrapper.cfbundle; includeInIndex = 0; path = LeetcodeTests.xctest; sourceTree = BUILT_PRODUCTS_DIR; };
		70A50D942A45E0F900B6E2B3 /* LeetcodeTests.swift */ = {isa = PBXFileReference; lastKnownFileType = sourcecode.swift; path = LeetcodeTests.swift; sourceTree = "<group>"; };
		70A50D962A45E0F900B6E2B3 /* Info.plist */ = {isa = PBXFileReference; lastKnownFileType = text.plist.xml; path = Info.plist; sourceTree = "<group>"; };
		70A50D9B2A45E0F900B6E2B3 /* LeetcodeUITests.xctest */ = {isa = PBXFileReference; explicitFileType = wrapper.cfbundle; includeInIndex = 0; path = LeetcodeUITests.xctest; sourceTree = BUILT_PRODUCTS_DIR; };
		70A50D9F2A45E0F900B6E2B3 /* LeetcodeUITests.swift */ = {isa = PBXFileReference; lastKnownFileType = sourcecode.swift; path = LeetcodeUITests.swift; sourceTree = "<group>"; };
		70A50DA12A45E0F900B6E2B3 /* Info.plist */ = {isa = PBXFileReference; lastKnownFileType = text.plist.xml; path = Info.plist; sourceTree = "<group>"; };
		70A50DBC2A45E15B00B6E2B3 /* Solution.swift */ = {isa = PBXFileReference; fileEncoding = 4; lastKnownFileType = sourcecode.swift; path = Solution.swift; sourceTree = "<group>"; };
		70A50DBD2A45E15B00B6E2B3 /* Stack.swift */ = {isa = PBXFileReference; fileEncoding = 4; lastKnownFileType = sourcecode.swift; path = Stack.swift; sourceTree = "<group>"; };
		70A50DBE2A45E15B00B6E2B3 /* ListNode.swift */ = {isa = PBXFileReference; fileEncoding = 4; lastKnownFileType = sourcecode.swift; path = ListNode.swift; sourceTree = "<group>"; };
		70B5928A2A62DBD200EC2376 /* TreeNode.swift */ = {isa = PBXFileReference; lastKnownFileType = sourcecode.swift; path = TreeNode.swift; sourceTree = "<group>"; };
		70BF23EC2A4A76F30024C93E /* SudokuGrid.swift */ = {isa = PBXFileReference; lastKnownFileType = sourcecode.swift; path = SudokuGrid.swift; sourceTree = "<group>"; };
/* End PBXFileReference section */

/* Begin PBXFrameworksBuildPhase section */
		70A50D7C2A45E0F800B6E2B3 /* Frameworks */ = {
			isa = PBXFrameworksBuildPhase;
			buildActionMask = 2147483647;
			files = (
			);
			runOnlyForDeploymentPostprocessing = 0;
		};
		70A50D8D2A45E0F900B6E2B3 /* Frameworks */ = {
			isa = PBXFrameworksBuildPhase;
			buildActionMask = 2147483647;
			files = (
			);
			runOnlyForDeploymentPostprocessing = 0;
		};
		70A50D982A45E0F900B6E2B3 /* Frameworks */ = {
			isa = PBXFrameworksBuildPhase;
			buildActionMask = 2147483647;
			files = (
			);
			runOnlyForDeploymentPostprocessing = 0;
		};
/* End PBXFrameworksBuildPhase section */

/* Begin PBXGroup section */
		70A50D762A45E0F800B6E2B3 = {
			isa = PBXGroup;
			children = (
				70A50D812A45E0F800B6E2B3 /* Leetcode */,
				70A50D932A45E0F900B6E2B3 /* LeetcodeTests */,
				70A50D9E2A45E0F900B6E2B3 /* LeetcodeUITests */,
				70A50D802A45E0F800B6E2B3 /* Products */,
			);
			sourceTree = "<group>";
		};
		70A50D802A45E0F800B6E2B3 /* Products */ = {
			isa = PBXGroup;
			children = (
				70A50D7F2A45E0F800B6E2B3 /* Leetcode.app */,
				70A50D902A45E0F900B6E2B3 /* LeetcodeTests.xctest */,
				70A50D9B2A45E0F900B6E2B3 /* LeetcodeUITests.xctest */,
			);
			name = Products;
			sourceTree = "<group>";
		};
		70A50D812A45E0F800B6E2B3 /* Leetcode */ = {
			isa = PBXGroup;
			children = (
				70A50D862A45E0F900B6E2B3 /* Assets.xcassets */,
				70A50D822A45E0F800B6E2B3 /* LeetcodeApp.swift */,
				70A50D842A45E0F800B6E2B3 /* ContentView.swift */,
				70A50D8B2A45E0F900B6E2B3 /* Info.plist */,
				70A50D882A45E0F900B6E2B3 /* Preview Content */,
				70A50DBB2A45E15B00B6E2B3 /* Sources */,
			);
			path = Leetcode;
			sourceTree = "<group>";
		};
		70A50D882A45E0F900B6E2B3 /* Preview Content */ = {
			isa = PBXGroup;
			children = (
				70A50D892A45E0F900B6E2B3 /* Preview Assets.xcassets */,
			);
			path = "Preview Content";
			sourceTree = "<group>";
		};
		70A50D932A45E0F900B6E2B3 /* LeetcodeTests */ = {
			isa = PBXGroup;
			children = (
				70A50D942A45E0F900B6E2B3 /* LeetcodeTests.swift */,
				70A50D962A45E0F900B6E2B3 /* Info.plist */,
			);
			path = LeetcodeTests;
			sourceTree = "<group>";
		};
		70A50D9E2A45E0F900B6E2B3 /* LeetcodeUITests */ = {
			isa = PBXGroup;
			children = (
				70A50D9F2A45E0F900B6E2B3 /* LeetcodeUITests.swift */,
				70A50DA12A45E0F900B6E2B3 /* Info.plist */,
			);
			path = LeetcodeUITests;
			sourceTree = "<group>";
		};
		70A50DBB2A45E15B00B6E2B3 /* Sources */ = {
			isa = PBXGroup;
			children = (
				70A50DBE2A45E15B00B6E2B3 /* ListNode.swift */,
				7016F71E2A6C081900D2B905 /* Node.swift */,
				7016F7162A65913200D2B905 /* Queue.swift */,
				70A50DBC2A45E15B00B6E2B3 /* Solution.swift */,
				706E48572A4FEF6500652AA7 /* SortList.swift */,
				70A50DBD2A45E15B00B6E2B3 /* Stack.swift */,
				70BF23EC2A4A76F30024C93E /* SudokuGrid.swift */,
				70B5928A2A62DBD200EC2376 /* TreeNode.swift */,
			);
			path = Sources;
			sourceTree = "<group>";
		};
/* End PBXGroup section */

/* Begin PBXNativeTarget section */
		70A50D7E2A45E0F800B6E2B3 /* Leetcode */ = {
			isa = PBXNativeTarget;
			buildConfigurationList = 70A50DA42A45E0F900B6E2B3 /* Build configuration list for PBXNativeTarget "Leetcode" */;
			buildPhases = (
				70A50D7B2A45E0F800B6E2B3 /* Sources */,
				70A50D7C2A45E0F800B6E2B3 /* Frameworks */,
				70A50D7D2A45E0F800B6E2B3 /* Resources */,
			);
			buildRules = (
			);
			dependencies = (
			);
			name = Leetcode;
			productName = Leetcode;
			productReference = 70A50D7F2A45E0F800B6E2B3 /* Leetcode.app */;
			productType = "com.apple.product-type.application";
		};
		70A50D8F2A45E0F900B6E2B3 /* LeetcodeTests */ = {
			isa = PBXNativeTarget;
			buildConfigurationList = 70A50DA72A45E0F900B6E2B3 /* Build configuration list for PBXNativeTarget "LeetcodeTests" */;
			buildPhases = (
				70A50D8C2A45E0F900B6E2B3 /* Sources */,
				70A50D8D2A45E0F900B6E2B3 /* Frameworks */,
				70A50D8E2A45E0F900B6E2B3 /* Resources */,
			);
			buildRules = (
			);
			dependencies = (
				70A50D922A45E0F900B6E2B3 /* PBXTargetDependency */,
			);
			name = LeetcodeTests;
			productName = LeetcodeTests;
			productReference = 70A50D902A45E0F900B6E2B3 /* LeetcodeTests.xctest */;
			productType = "com.apple.product-type.bundle.unit-test";
		};
		70A50D9A2A45E0F900B6E2B3 /* LeetcodeUITests */ = {
			isa = PBXNativeTarget;
			buildConfigurationList = 70A50DAA2A45E0F900B6E2B3 /* Build configuration list for PBXNativeTarget "LeetcodeUITests" */;
			buildPhases = (
				70A50D972A45E0F900B6E2B3 /* Sources */,
				70A50D982A45E0F900B6E2B3 /* Frameworks */,
				70A50D992A45E0F900B6E2B3 /* Resources */,
			);
			buildRules = (
			);
			dependencies = (
				70A50D9D2A45E0F900B6E2B3 /* PBXTargetDependency */,
			);
			name = LeetcodeUITests;
			productName = LeetcodeUITests;
			productReference = 70A50D9B2A45E0F900B6E2B3 /* LeetcodeUITests.xctest */;
			productType = "com.apple.product-type.bundle.ui-testing";
		};
/* End PBXNativeTarget section */

/* Begin PBXProject section */
		70A50D772A45E0F800B6E2B3 /* Project object */ = {
			isa = PBXProject;
			attributes = {
				LastSwiftUpdateCheck = 1240;
				LastUpgradeCheck = 1240;
				TargetAttributes = {
					70A50D7E2A45E0F800B6E2B3 = {
						CreatedOnToolsVersion = 12.4;
					};
					70A50D8F2A45E0F900B6E2B3 = {
						CreatedOnToolsVersion = 12.4;
						TestTargetID = 70A50D7E2A45E0F800B6E2B3;
					};
					70A50D9A2A45E0F900B6E2B3 = {
						CreatedOnToolsVersion = 12.4;
						TestTargetID = 70A50D7E2A45E0F800B6E2B3;
					};
				};
			};
			buildConfigurationList = 70A50D7A2A45E0F800B6E2B3 /* Build configuration list for PBXProject "Leetcode" */;
			compatibilityVersion = "Xcode 9.3";
			developmentRegion = en;
			hasScannedForEncodings = 0;
			knownRegions = (
				en,
				Base,
			);
			mainGroup = 70A50D762A45E0F800B6E2B3;
			productRefGroup = 70A50D802A45E0F800B6E2B3 /* Products */;
			projectDirPath = "";
			projectRoot = "";
			targets = (
				70A50D7E2A45E0F800B6E2B3 /* Leetcode */,
				70A50D8F2A45E0F900B6E2B3 /* LeetcodeTests */,
				70A50D9A2A45E0F900B6E2B3 /* LeetcodeUITests */,
			);
		};
/* End PBXProject section */

/* Begin PBXResourcesBuildPhase section */
		70A50D7D2A45E0F800B6E2B3 /* Resources */ = {
			isa = PBXResourcesBuildPhase;
			buildActionMask = 2147483647;
			files = (
				70A50D8A2A45E0F900B6E2B3 /* Preview Assets.xcassets in Resources */,
				70A50D872A45E0F900B6E2B3 /* Assets.xcassets in Resources */,
			);
			runOnlyForDeploymentPostprocessing = 0;
		};
		70A50D8E2A45E0F900B6E2B3 /* Resources */ = {
			isa = PBXResourcesBuildPhase;
			buildActionMask = 2147483647;
			files = (
			);
			runOnlyForDeploymentPostprocessing = 0;
		};
		70A50D992A45E0F900B6E2B3 /* Resources */ = {
			isa = PBXResourcesBuildPhase;
			buildActionMask = 2147483647;
			files = (
			);
			runOnlyForDeploymentPostprocessing = 0;
		};
/* End PBXResourcesBuildPhase section */

/* Begin PBXSourcesBuildPhase section */
		70A50D7B2A45E0F800B6E2B3 /* Sources */ = {
			isa = PBXSourcesBuildPhase;
			buildActionMask = 2147483647;
			files = (
				70A50DC02A45E15B00B6E2B3 /* Stack.swift in Sources */,
				7016F71F2A6C081900D2B905 /* Node.swift in Sources */,
				70A50DC12A45E15B00B6E2B3 /* ListNode.swift in Sources */,
				70A50D852A45E0F800B6E2B3 /* ContentView.swift in Sources */,
				70A50D832A45E0F800B6E2B3 /* LeetcodeApp.swift in Sources */,
				706E48582A4FEF6500652AA7 /* SortList.swift in Sources */,
				70BF23ED2A4A76F30024C93E /* SudokuGrid.swift in Sources */,
				70A50DBF2A45E15B00B6E2B3 /* Solution.swift in Sources */,
				7016F7172A65913200D2B905 /* Queue.swift in Sources */,
				70B5928B2A62DBD300EC2376 /* TreeNode.swift in Sources */,
			);
			runOnlyForDeploymentPostprocessing = 0;
		};
		70A50D8C2A45E0F900B6E2B3 /* Sources */ = {
			isa = PBXSourcesBuildPhase;
			buildActionMask = 2147483647;
			files = (
				70A50D952A45E0F900B6E2B3 /* LeetcodeTests.swift in Sources */,
			);
			runOnlyForDeploymentPostprocessing = 0;
		};
		70A50D972A45E0F900B6E2B3 /* Sources */ = {
			isa = PBXSourcesBuildPhase;
			buildActionMask = 2147483647;
			files = (
				70A50DA02A45E0F900B6E2B3 /* LeetcodeUITests.swift in Sources */,
			);
			runOnlyForDeploymentPostprocessing = 0;
		};
/* End PBXSourcesBuildPhase section */

/* Begin PBXTargetDependency section */
		70A50D922A45E0F900B6E2B3 /* PBXTargetDependency */ = {
			isa = PBXTargetDependency;
			target = 70A50D7E2A45E0F800B6E2B3 /* Leetcode */;
			targetProxy = 70A50D912A45E0F900B6E2B3 /* PBXContainerItemProxy */;
		};
		70A50D9D2A45E0F900B6E2B3 /* PBXTargetDependency */ = {
			isa = PBXTargetDependency;
			target = 70A50D7E2A45E0F800B6E2B3 /* Leetcode */;
			targetProxy = 70A50D9C2A45E0F900B6E2B3 /* PBXContainerItemProxy */;
		};
/* End PBXTargetDependency section */

/* Begin XCBuildConfiguration section */
		70A50DA22A45E0F900B6E2B3 /* Debug */ = {
			isa = XCBuildConfiguration;
			buildSettings = {
				ALWAYS_SEARCH_USER_PATHS = NO;
				CLANG_ANALYZER_NONNULL = YES;
				CLANG_ANALYZER_NUMBER_OBJECT_CONVERSION = YES_AGGRESSIVE;
				CLANG_CXX_LANGUAGE_STANDARD = "gnu++14";
				CLANG_CXX_LIBRARY = "libc++";
				CLANG_ENABLE_MODULES = YES;
				CLANG_ENABLE_OBJC_ARC = YES;
				CLANG_ENABLE_OBJC_WEAK = YES;
				CLANG_WARN_BLOCK_CAPTURE_AUTORELEASING = YES;
				CLANG_WARN_BOOL_CONVERSION = YES;
				CLANG_WARN_COMMA = YES;
				CLANG_WARN_CONSTANT_CONVERSION = YES;
				CLANG_WARN_DEPRECATED_OBJC_IMPLEMENTATIONS = YES;
				CLANG_WARN_DIRECT_OBJC_ISA_USAGE = YES_ERROR;
				CLANG_WARN_DOCUMENTATION_COMMENTS = YES;
				CLANG_WARN_EMPTY_BODY = YES;
				CLANG_WARN_ENUM_CONVERSION = YES;
				CLANG_WARN_INFINITE_RECURSION = YES;
				CLANG_WARN_INT_CONVERSION = YES;
				CLANG_WARN_NON_LITERAL_NULL_CONVERSION = YES;
				CLANG_WARN_OBJC_IMPLICIT_RETAIN_SELF = YES;
				CLANG_WARN_OBJC_LITERAL_CONVERSION = YES;
				CLANG_WARN_OBJC_ROOT_CLASS = YES_ERROR;
				CLANG_WARN_QUOTED_INCLUDE_IN_FRAMEWORK_HEADER = YES;
				CLANG_WARN_RANGE_LOOP_ANALYSIS = YES;
				CLANG_WARN_STRICT_PROTOTYPES = YES;
				CLANG_WARN_SUSPICIOUS_MOVE = YES;
				CLANG_WARN_UNGUARDED_AVAILABILITY = YES_AGGRESSIVE;
				CLANG_WARN_UNREACHABLE_CODE = YES;
				CLANG_WARN__DUPLICATE_METHOD_MATCH = YES;
				COPY_PHASE_STRIP = NO;
				DEBUG_INFORMATION_FORMAT = dwarf;
				ENABLE_STRICT_OBJC_MSGSEND = YES;
				ENABLE_TESTABILITY = YES;
				GCC_C_LANGUAGE_STANDARD = gnu11;
				GCC_DYNAMIC_NO_PIC = NO;
				GCC_NO_COMMON_BLOCKS = YES;
				GCC_OPTIMIZATION_LEVEL = 0;
				GCC_PREPROCESSOR_DEFINITIONS = (
					"DEBUG=1",
					"$(inherited)",
				);
				GCC_WARN_64_TO_32_BIT_CONVERSION = YES;
				GCC_WARN_ABOUT_RETURN_TYPE = YES_ERROR;
				GCC_WARN_UNDECLARED_SELECTOR = YES;
				GCC_WARN_UNINITIALIZED_AUTOS = YES_AGGRESSIVE;
				GCC_WARN_UNUSED_FUNCTION = YES;
				GCC_WARN_UNUSED_VARIABLE = YES;
				IPHONEOS_DEPLOYMENT_TARGET = 14.4;
				MTL_ENABLE_DEBUG_INFO = INCLUDE_SOURCE;
				MTL_FAST_MATH = YES;
				ONLY_ACTIVE_ARCH = YES;
				SDKROOT = iphoneos;
				SWIFT_ACTIVE_COMPILATION_CONDITIONS = DEBUG;
				SWIFT_OPTIMIZATION_LEVEL = "-Onone";
			};
			name = Debug;
		};
		70A50DA32A45E0F900B6E2B3 /* Release */ = {
			isa = XCBuildConfiguration;
			buildSettings = {
				ALWAYS_SEARCH_USER_PATHS = NO;
				CLANG_ANALYZER_NONNULL = YES;
				CLANG_ANALYZER_NUMBER_OBJECT_CONVERSION = YES_AGGRESSIVE;
				CLANG_CXX_LANGUAGE_STANDARD = "gnu++14";
				CLANG_CXX_LIBRARY = "libc++";
				CLANG_ENABLE_MODULES = YES;
				CLANG_ENABLE_OBJC_ARC = YES;
				CLANG_ENABLE_OBJC_WEAK = YES;
				CLANG_WARN_BLOCK_CAPTURE_AUTORELEASING = YES;
				CLANG_WARN_BOOL_CONVERSION = YES;
				CLANG_WARN_COMMA = YES;
				CLANG_WARN_CONSTANT_CONVERSION = YES;
				CLANG_WARN_DEPRECATED_OBJC_IMPLEMENTATIONS = YES;
				CLANG_WARN_DIRECT_OBJC_ISA_USAGE = YES_ERROR;
				CLANG_WARN_DOCUMENTATION_COMMENTS = YES;
				CLANG_WARN_EMPTY_BODY = YES;
				CLANG_WARN_ENUM_CONVERSION = YES;
				CLANG_WARN_INFINITE_RECURSION = YES;
				CLANG_WARN_INT_CONVERSION = YES;
				CLANG_WARN_NON_LITERAL_NULL_CONVERSION = YES;
				CLANG_WARN_OBJC_IMPLICIT_RETAIN_SELF = YES;
				CLANG_WARN_OBJC_LITERAL_CONVERSION = YES;
				CLANG_WARN_OBJC_ROOT_CLASS = YES_ERROR;
				CLANG_WARN_QUOTED_INCLUDE_IN_FRAMEWORK_HEADER = YES;
				CLANG_WARN_RANGE_LOOP_ANALYSIS = YES;
				CLANG_WARN_STRICT_PROTOTYPES = YES;
				CLANG_WARN_SUSPICIOUS_MOVE = YES;
				CLANG_WARN_UNGUARDED_AVAILABILITY = YES_AGGRESSIVE;
				CLANG_WARN_UNREACHABLE_CODE = YES;
				CLANG_WARN__DUPLICATE_METHOD_MATCH = YES;
				COPY_PHASE_STRIP = NO;
				DEBUG_INFORMATION_FORMAT = "dwarf-with-dsym";
				ENABLE_NS_ASSERTIONS = NO;
				ENABLE_STRICT_OBJC_MSGSEND = YES;
				GCC_C_LANGUAGE_STANDARD = gnu11;
				GCC_NO_COMMON_BLOCKS = YES;
				GCC_WARN_64_TO_32_BIT_CONVERSION = YES;
				GCC_WARN_ABOUT_RETURN_TYPE = YES_ERROR;
				GCC_WARN_UNDECLARED_SELECTOR = YES;
				GCC_WARN_UNINITIALIZED_AUTOS = YES_AGGRESSIVE;
				GCC_WARN_UNUSED_FUNCTION = YES;
				GCC_WARN_UNUSED_VARIABLE = YES;
				IPHONEOS_DEPLOYMENT_TARGET = 14.4;
				MTL_ENABLE_DEBUG_INFO = NO;
				MTL_FAST_MATH = YES;
				SDKROOT = iphoneos;
				SWIFT_COMPILATION_MODE = wholemodule;
				SWIFT_OPTIMIZATION_LEVEL = "-O";
				VALIDATE_PRODUCT = YES;
			};
			name = Release;
		};
		70A50DA52A45E0F900B6E2B3 /* Debug */ = {
			isa = XCBuildConfiguration;
			buildSettings = {
				ASSETCATALOG_COMPILER_APPICON_NAME = AppIcon;
				ASSETCATALOG_COMPILER_GLOBAL_ACCENT_COLOR_NAME = AccentColor;
				CODE_SIGN_STYLE = Automatic;
				DEVELOPMENT_ASSET_PATHS = "\"Leetcode/Preview Content\"";
				ENABLE_PREVIEWS = YES;
				INFOPLIST_FILE = Leetcode/Info.plist;
				IPHONEOS_DEPLOYMENT_TARGET = 14.0;
				LD_RUNPATH_SEARCH_PATHS = (
					"$(inherited)",
					"@executable_path/Frameworks",
				);
				PRODUCT_BUNDLE_IDENTIFIER = org.xinyzhao.Leetcode;
				PRODUCT_NAME = "$(TARGET_NAME)";
				SWIFT_VERSION = 5.0;
				TARGETED_DEVICE_FAMILY = "1,2";
			};
			name = Debug;
		};
		70A50DA62A45E0F900B6E2B3 /* Release */ = {
			isa = XCBuildConfiguration;
			buildSettings = {
				ASSETCATALOG_COMPILER_APPICON_NAME = AppIcon;
				ASSETCATALOG_COMPILER_GLOBAL_ACCENT_COLOR_NAME = AccentColor;
				CODE_SIGN_STYLE = Automatic;
				DEVELOPMENT_ASSET_PATHS = "\"Leetcode/Preview Content\"";
				ENABLE_PREVIEWS = YES;
				INFOPLIST_FILE = Leetcode/Info.plist;
				IPHONEOS_DEPLOYMENT_TARGET = 14.0;
				LD_RUNPATH_SEARCH_PATHS = (
					"$(inherited)",
					"@executable_path/Frameworks",
				);
				PRODUCT_BUNDLE_IDENTIFIER = org.xinyzhao.Leetcode;
				PRODUCT_NAME = "$(TARGET_NAME)";
				SWIFT_VERSION = 5.0;
				TARGETED_DEVICE_FAMILY = "1,2";
			};
			name = Release;
		};
		70A50DA82A45E0F900B6E2B3 /* Debug */ = {
			isa = XCBuildConfiguration;
			buildSettings = {
				ALWAYS_EMBED_SWIFT_STANDARD_LIBRARIES = YES;
				BUNDLE_LOADER = "$(TEST_HOST)";
				CODE_SIGN_STYLE = Automatic;
				INFOPLIST_FILE = LeetcodeTests/Info.plist;
				IPHONEOS_DEPLOYMENT_TARGET = 14.0;
				LD_RUNPATH_SEARCH_PATHS = (
					"$(inherited)",
					"@executable_path/Frameworks",
					"@loader_path/Frameworks",
				);
				PRODUCT_BUNDLE_IDENTIFIER = org.xinyzhao.LeetcodeTests;
				PRODUCT_NAME = "$(TARGET_NAME)";
				SWIFT_VERSION = 5.0;
				TARGETED_DEVICE_FAMILY = "1,2";
				TEST_HOST = "$(BUILT_PRODUCTS_DIR)/Leetcode.app/Leetcode";
			};
			name = Debug;
		};
		70A50DA92A45E0F900B6E2B3 /* Release */ = {
			isa = XCBuildConfiguration;
			buildSettings = {
				ALWAYS_EMBED_SWIFT_STANDARD_LIBRARIES = YES;
				BUNDLE_LOADER = "$(TEST_HOST)";
				CODE_SIGN_STYLE = Automatic;
				INFOPLIST_FILE = LeetcodeTests/Info.plist;
				IPHONEOS_DEPLOYMENT_TARGET = 14.0;
				LD_RUNPATH_SEARCH_PATHS = (
					"$(inherited)",
					"@executable_path/Frameworks",
					"@loader_path/Frameworks",
				);
				PRODUCT_BUNDLE_IDENTIFIER = org.xinyzhao.LeetcodeTests;
				PRODUCT_NAME = "$(TARGET_NAME)";
				SWIFT_VERSION = 5.0;
				TARGETED_DEVICE_FAMILY = "1,2";
				TEST_HOST = "$(BUILT_PRODUCTS_DIR)/Leetcode.app/Leetcode";
			};
			name = Release;
		};
		70A50DAB2A45E0F900B6E2B3 /* Debug */ = {
			isa = XCBuildConfiguration;
			buildSettings = {
				ALWAYS_EMBED_SWIFT_STANDARD_LIBRARIES = YES;
				CODE_SIGN_STYLE = Automatic;
				INFOPLIST_FILE = LeetcodeUITests/Info.plist;
				LD_RUNPATH_SEARCH_PATHS = (
					"$(inherited)",
					"@executable_path/Frameworks",
					"@loader_path/Frameworks",
				);
				PRODUCT_BUNDLE_IDENTIFIER = org.xinyzhao.LeetcodeUITests;
				PRODUCT_NAME = "$(TARGET_NAME)";
				SWIFT_VERSION = 5.0;
				TARGETED_DEVICE_FAMILY = "1,2";
				TEST_TARGET_NAME = Leetcode;
			};
			name = Debug;
		};
		70A50DAC2A45E0F900B6E2B3 /* Release */ = {
			isa = XCBuildConfiguration;
			buildSettings = {
				ALWAYS_EMBED_SWIFT_STANDARD_LIBRARIES = YES;
				CODE_SIGN_STYLE = Automatic;
				INFOPLIST_FILE = LeetcodeUITests/Info.plist;
				LD_RUNPATH_SEARCH_PATHS = (
					"$(inherited)",
					"@executable_path/Frameworks",
					"@loader_path/Frameworks",
				);
				PRODUCT_BUNDLE_IDENTIFIER = org.xinyzhao.LeetcodeUITests;
				PRODUCT_NAME = "$(TARGET_NAME)";
				SWIFT_VERSION = 5.0;
				TARGETED_DEVICE_FAMILY = "1,2";
				TEST_TARGET_NAME = Leetcode;
			};
			name = Release;
		};
/* End XCBuildConfiguration section */

/* Begin XCConfigurationList section */
		70A50D7A2A45E0F800B6E2B3 /* Build configuration list for PBXProject "Leetcode" */ = {
			isa = XCConfigurationList;
			buildConfigurations = (
				70A50DA22A45E0F900B6E2B3 /* Debug */,
				70A50DA32A45E0F900B6E2B3 /* Release */,
			);
			defaultConfigurationIsVisible = 0;
			defaultConfigurationName = Release;
		};
		70A50DA42A45E0F900B6E2B3 /* Build configuration list for PBXNativeTarget "Leetcode" */ = {
			isa = XCConfigurationList;
			buildConfigurations = (
				70A50DA52A45E0F900B6E2B3 /* Debug */,
				70A50DA62A45E0F900B6E2B3 /* Release */,
			);
			defaultConfigurationIsVisible = 0;
			defaultConfigurationName = Release;
		};
		70A50DA72A45E0F900B6E2B3 /* Build configuration list for PBXNativeTarget "LeetcodeTests" */ = {
			isa = XCConfigurationList;
			buildConfigurations = (
				70A50DA82A45E0F900B6E2B3 /* Debug */,
				70A50DA92A45E0F900B6E2B3 /* Release */,
			);
			defaultConfigurationIsVisible = 0;
			defaultConfigurationName = Release;
		};
		70A50DAA2A45E0F900B6E2B3 /* Build configuration list for PBXNativeTarget "LeetcodeUITests" */ = {
			isa = XCConfigurationList;
			buildConfigurations = (
				70A50DAB2A45E0F900B6E2B3 /* Debug */,
				70A50DAC2A45E0F900B6E2B3 /* Release */,
			);
			defaultConfigurationIsVisible = 0;
			defaultConfigurationName = Release;
		};
/* End XCConfigurationList section */
	};
	rootObject = 70A50D772A45E0F800B6E2B3 /* Project object */;
}
